// !$*UTF8*$!
{
	archiveVersion = 1;
	classes = {
	};
	objectVersion = 50;
	objects = {

/* Begin PBXBuildFile section */
		A394C35820B28ECB005E065E /* main.cpp in Sources */ = {isa = PBXBuildFile; fileRef = A394C35720B28ECB005E065E /* main.cpp */; };
		A394C35E20B28EE1005E065E /* Component.cpp in Sources */ = {isa = PBXBuildFile; fileRef = A394C35C20B28EE1005E065E /* Component.cpp */; };
		A394C35F20B28EE1005E065E /* Component.hpp in Headers */ = {isa = PBXBuildFile; fileRef = A394C35D20B28EE1005E065E /* Component.hpp */; };
		A394C36320B28F81005E065E /* Container.hpp in Headers */ = {isa = PBXBuildFile; fileRef = A394C36120B28F81005E065E /* Container.hpp */; };
		A394C36620B297B1005E065E /* libquagga.a in Frameworks */ = {isa = PBXBuildFile; fileRef = A394C34920B28E83005E065E /* libquagga.a */; };
/* End PBXBuildFile section */

/* Begin PBXCopyFilesBuildPhase section */
		A394C35320B28ECB005E065E /* CopyFiles */ = {
			isa = PBXCopyFilesBuildPhase;
			buildActionMask = 2147483647;
			dstPath = /usr/share/man/man1/;
			dstSubfolderSpec = 0;
			files = (
			);
			runOnlyForDeploymentPostprocessing = 1;
		};
/* End PBXCopyFilesBuildPhase section */

/* Begin PBXFileReference section */
		A394C34920B28E83005E065E /* libquagga.a */ = {isa = PBXFileReference; explicitFileType = archive.ar; includeInIndex = 0; path = libquagga.a; sourceTree = BUILT_PRODUCTS_DIR; };
		A394C35520B28ECB005E065E /* quaggaTests */ = {isa = PBXFileReference; explicitFileType = "compiled.mach-o.executable"; includeInIndex = 0; path = quaggaTests; sourceTree = BUILT_PRODUCTS_DIR; };
		A394C35720B28ECB005E065E /* main.cpp */ = {isa = PBXFileReference; lastKnownFileType = sourcecode.cpp.cpp; path = main.cpp; sourceTree = "<group>"; };
		A394C35C20B28EE1005E065E /* Component.cpp */ = {isa = PBXFileReference; lastKnownFileType = sourcecode.cpp.cpp; path = Component.cpp; sourceTree = "<group>"; };
		A394C35D20B28EE1005E065E /* Component.hpp */ = {isa = PBXFileReference; lastKnownFileType = sourcecode.cpp.h; path = Component.hpp; sourceTree = "<group>"; };
		A394C36020B28F81005E065E /* Container.cpp */ = {isa = PBXFileReference; lastKnownFileType = sourcecode.cpp.cpp; path = Container.cpp; sourceTree = "<group>"; };
		A394C36120B28F81005E065E /* Container.hpp */ = {isa = PBXFileReference; lastKnownFileType = sourcecode.cpp.h; path = Container.hpp; sourceTree = "<group>"; };
/* End PBXFileReference section */

/* Begin PBXFrameworksBuildPhase section */
		A394C34620B28E83005E065E /* Frameworks */ = {
			isa = PBXFrameworksBuildPhase;
			buildActionMask = 2147483647;
			files = (
			);
			runOnlyForDeploymentPostprocessing = 0;
		};
		A394C35220B28ECB005E065E /* Frameworks */ = {
			isa = PBXFrameworksBuildPhase;
			buildActionMask = 2147483647;
			files = (
				A394C36620B297B1005E065E /* libquagga.a in Frameworks */,
			);
			runOnlyForDeploymentPostprocessing = 0;
		};
/* End PBXFrameworksBuildPhase section */

/* Begin PBXGroup section */
		A394C34020B28E83005E065E = {
			isa = PBXGroup;
			children = (
				A394C35020B28E98005E065E /* quagga */,
				A394C35620B28ECB005E065E /* quaggaTests */,
				A394C34A20B28E83005E065E /* Products */,
				A394C36420B29580005E065E /* Frameworks */,
			);
			sourceTree = "<group>";
		};
		A394C34A20B28E83005E065E /* Products */ = {
			isa = PBXGroup;
			children = (
				A394C34920B28E83005E065E /* libquagga.a */,
				A394C35520B28ECB005E065E /* quaggaTests */,
			);
			name = Products;
			sourceTree = "<group>";
		};
		A394C35020B28E98005E065E /* quagga */ = {
			isa = PBXGroup;
			children = (
				A394C35C20B28EE1005E065E /* Component.cpp */,
				A394C35D20B28EE1005E065E /* Component.hpp */,
				A394C36020B28F81005E065E /* Container.cpp */,
				A394C36120B28F81005E065E /* Container.hpp */,
			);
			path = quagga;
			sourceTree = "<group>";
		};
		A394C35620B28ECB005E065E /* quaggaTests */ = {
			isa = PBXGroup;
			children = (
				A394C35720B28ECB005E065E /* main.cpp */,
			);
			path = quaggaTests;
			sourceTree = "<group>";
		};
		A394C36420B29580005E065E /* Frameworks */ = {
			isa = PBXGroup;
			children = (
			);
			name = Frameworks;
			sourceTree = "<group>";
		};
/* End PBXGroup section */

/* Begin PBXHeadersBuildPhase section */
		A394C34720B28E83005E065E /* Headers */ = {
			isa = PBXHeadersBuildPhase;
			buildActionMask = 2147483647;
			files = (
				A394C36320B28F81005E065E /* Container.hpp in Headers */,
				A394C35F20B28EE1005E065E /* Component.hpp in Headers */,
			);
			runOnlyForDeploymentPostprocessing = 0;
		};
/* End PBXHeadersBuildPhase section */

/* Begin PBXNativeTarget section */
		A394C34820B28E83005E065E /* quagga */ = {
			isa = PBXNativeTarget;
			buildConfigurationList = A394C34D20B28E83005E065E /* Build configuration list for PBXNativeTarget "quagga" */;
			buildPhases = (
				A394C34520B28E83005E065E /* Sources */,
				A394C34620B28E83005E065E /* Frameworks */,
				A394C34720B28E83005E065E /* Headers */,
			);
			buildRules = (
			);
			dependencies = (
			);
			name = quagga;
			productName = quagga;
			productReference = A394C34920B28E83005E065E /* libquagga.a */;
			productType = "com.apple.product-type.library.static";
		};
		A394C35420B28ECB005E065E /* quaggaTests */ = {
			isa = PBXNativeTarget;
			buildConfigurationList = A394C35920B28ECB005E065E /* Build configuration list for PBXNativeTarget "quaggaTests" */;
			buildPhases = (
				A394C35120B28ECB005E065E /* Sources */,
				A394C35220B28ECB005E065E /* Frameworks */,
				A394C35320B28ECB005E065E /* CopyFiles */,
			);
			buildRules = (
			);
			dependencies = (
			);
			name = quaggaTests;
			productName = quaggaTests;
			productReference = A394C35520B28ECB005E065E /* quaggaTests */;
			productType = "com.apple.product-type.tool";
		};
/* End PBXNativeTarget section */

/* Begin PBXProject section */
		A394C34120B28E83005E065E /* Project object */ = {
			isa = PBXProject;
			attributes = {
				LastUpgradeCheck = 0930;
				ORGANIZATIONNAME = Sunil;
				TargetAttributes = {
					A394C34820B28E83005E065E = {
						CreatedOnToolsVersion = 9.3.1;
					};
					A394C35420B28ECB005E065E = {
						CreatedOnToolsVersion = 9.3.1;
					};
				};
			};
			buildConfigurationList = A394C34420B28E83005E065E /* Build configuration list for PBXProject "quagga" */;
			compatibilityVersion = "Xcode 9.3";
			developmentRegion = en;
			hasScannedForEncodings = 0;
			knownRegions = (
				en,
			);
			mainGroup = A394C34020B28E83005E065E;
			productRefGroup = A394C34A20B28E83005E065E /* Products */;
			projectDirPath = "";
			projectRoot = "";
			targets = (
				A394C34820B28E83005E065E /* quagga */,
				A394C35420B28ECB005E065E /* quaggaTests */,
			);
		};
/* End PBXProject section */

/* Begin PBXSourcesBuildPhase section */
		A394C34520B28E83005E065E /* Sources */ = {
			isa = PBXSourcesBuildPhase;
			buildActionMask = 2147483647;
			files = (
				A394C35E20B28EE1005E065E /* Component.cpp in Sources */,
			);
			runOnlyForDeploymentPostprocessing = 0;
		};
		A394C35120B28ECB005E065E /* Sources */ = {
			isa = PBXSourcesBuildPhase;
			buildActionMask = 2147483647;
			files = (
				A394C35820B28ECB005E065E /* main.cpp in Sources */,
			);
			runOnlyForDeploymentPostprocessing = 0;
		};
/* End PBXSourcesBuildPhase section */

/* Begin XCBuildConfiguration section */
		A394C34B20B28E83005E065E /* Debug */ = {
			isa = XCBuildConfiguration;
			buildSettings = {
				ALWAYS_SEARCH_USER_PATHS = NO;
				CLANG_ANALYZER_NONNULL = YES;
				CLANG_ANALYZER_NUMBER_OBJECT_CONVERSION = YES_AGGRESSIVE;
				CLANG_CXX_LANGUAGE_STANDARD = "gnu++14";
				CLANG_CXX_LIBRARY = "libc++";
				CLANG_ENABLE_MODULES = YES;
				CLANG_ENABLE_OBJC_ARC = YES;
				CLANG_ENABLE_OBJC_WEAK = YES;
				CLANG_WARN_BLOCK_CAPTURE_AUTORELEASING = YES;
				CLANG_WARN_BOOL_CONVERSION = YES;
				CLANG_WARN_COMMA = YES;
				CLANG_WARN_CONSTANT_CONVERSION = YES;
				CLANG_WARN_DEPRECATED_OBJC_IMPLEMENTATIONS = YES;
				CLANG_WARN_DIRECT_OBJC_ISA_USAGE = YES_ERROR;
				CLANG_WARN_DOCUMENTATION_COMMENTS = YES;
				CLANG_WARN_EMPTY_BODY = YES;
				CLANG_WARN_ENUM_CONVERSION = YES;
				CLANG_WARN_INFINITE_RECURSION = YES;
				CLANG_WARN_INT_CONVERSION = YES;
				CLANG_WARN_NON_LITERAL_NULL_CONVERSION = YES;
				CLANG_WARN_OBJC_IMPLICIT_RETAIN_SELF = YES;
				CLANG_WARN_OBJC_LITERAL_CONVERSION = YES;
				CLANG_WARN_OBJC_ROOT_CLASS = YES_ERROR;
				CLANG_WARN_RANGE_LOOP_ANALYSIS = YES;
				CLANG_WARN_STRICT_PROTOTYPES = YES;
				CLANG_WARN_SUSPICIOUS_MOVE = YES;
				CLANG_WARN_UNGUARDED_AVAILABILITY = YES_AGGRESSIVE;
				CLANG_WARN_UNREACHABLE_CODE = YES;
				CLANG_WARN__DUPLICATE_METHOD_MATCH = YES;
				CODE_SIGN_IDENTITY = "-";
				COPY_PHASE_STRIP = NO;
				DEBUG_INFORMATION_FORMAT = dwarf;
				ENABLE_STRICT_OBJC_MSGSEND = YES;
				ENABLE_TESTABILITY = YES;
				GCC_C_LANGUAGE_STANDARD = gnu11;
				GCC_DYNAMIC_NO_PIC = NO;
				GCC_NO_COMMON_BLOCKS = YES;
				GCC_OPTIMIZATION_LEVEL = 0;
				GCC_PREPROCESSOR_DEFINITIONS = (
					"DEBUG=1",
					"$(inherited)",
				);
				GCC_WARN_64_TO_32_BIT_CONVERSION = YES;
				GCC_WARN_ABOUT_RETURN_TYPE = YES_ERROR;
				GCC_WARN_UNDECLARED_SELECTOR = YES;
				GCC_WARN_UNINITIALIZED_AUTOS = YES_AGGRESSIVE;
				GCC_WARN_UNUSED_FUNCTION = YES;
				GCC_WARN_UNUSED_VARIABLE = YES;
				MACOSX_DEPLOYMENT_TARGET = 10.13;
				MTL_ENABLE_DEBUG_INFO = YES;
				ONLY_ACTIVE_ARCH = YES;
				SDKROOT = macosx;
			};
			name = Debug;
		};
		A394C34C20B28E83005E065E /* Release */ = {
			isa = XCBuildConfiguration;
			buildSettings = {
				ALWAYS_SEARCH_USER_PATHS = NO;
				CLANG_ANALYZER_NONNULL = YES;
				CLANG_ANALYZER_NUMBER_OBJECT_CONVERSION = YES_AGGRESSIVE;
				CLANG_CXX_LANGUAGE_STANDARD = "gnu++14";
				CLANG_CXX_LIBRARY = "libc++";
				CLANG_ENABLE_MODULES = YES;
				CLANG_ENABLE_OBJC_ARC = YES;
				CLANG_ENABLE_OBJC_WEAK = YES;
				CLANG_WARN_BLOCK_CAPTURE_AUTORELEASING = YES;
				CLANG_WARN_BOOL_CONVERSION = YES;
				CLANG_WARN_COMMA = YES;
				CLANG_WARN_CONSTANT_CONVERSION = YES;
				CLANG_WARN_DEPRECATED_OBJC_IMPLEMENTATIONS = YES;
				CLANG_WARN_DIRECT_OBJC_ISA_USAGE = YES_ERROR;
				CLANG_WARN_DOCUMENTATION_COMMENTS = YES;
				CLANG_WARN_EMPTY_BODY = YES;
				CLANG_WARN_ENUM_CONVERSION = YES;
				CLANG_WARN_INFINITE_RECURSION = YES;
				CLANG_WARN_INT_CONVERSION = YES;
				CLANG_WARN_NON_LITERAL_NULL_CONVERSION = YES;
				CLANG_WARN_OBJC_IMPLICIT_RETAIN_SELF = YES;
				CLANG_WARN_OBJC_LITERAL_CONVERSION = YES;
				CLANG_WARN_OBJC_ROOT_CLASS = YES_ERROR;
				CLANG_WARN_RANGE_LOOP_ANALYSIS = YES;
				CLANG_WARN_STRICT_PROTOTYPES = YES;
				CLANG_WARN_SUSPICIOUS_MOVE = YES;
				CLANG_WARN_UNGUARDED_AVAILABILITY = YES_AGGRESSIVE;
				CLANG_WARN_UNREACHABLE_CODE = YES;
				CLANG_WARN__DUPLICATE_METHOD_MATCH = YES;
				CODE_SIGN_IDENTITY = "-";
				COPY_PHASE_STRIP = NO;
				DEBUG_INFORMATION_FORMAT = "dwarf-with-dsym";
				ENABLE_NS_ASSERTIONS = NO;
				ENABLE_STRICT_OBJC_MSGSEND = YES;
				GCC_C_LANGUAGE_STANDARD = gnu11;
				GCC_NO_COMMON_BLOCKS = YES;
				GCC_WARN_64_TO_32_BIT_CONVERSION = YES;
				GCC_WARN_ABOUT_RETURN_TYPE = YES_ERROR;
				GCC_WARN_UNDECLARED_SELECTOR = YES;
				GCC_WARN_UNINITIALIZED_AUTOS = YES_AGGRESSIVE;
				GCC_WARN_UNUSED_FUNCTION = YES;
				GCC_WARN_UNUSED_VARIABLE = YES;
				MACOSX_DEPLOYMENT_TARGET = 10.13;
				MTL_ENABLE_DEBUG_INFO = NO;
				SDKROOT = macosx;
			};
			name = Release;
		};
		A394C34E20B28E83005E065E /* Debug */ = {
			isa = XCBuildConfiguration;
			buildSettings = {
				CODE_SIGN_STYLE = Automatic;
				EXECUTABLE_PREFIX = lib;
				PRODUCT_NAME = "$(TARGET_NAME)";
				SKIP_INSTALL = YES;
			};
			name = Debug;
		};
		A394C34F20B28E83005E065E /* Release */ = {
			isa = XCBuildConfiguration;
			buildSettings = {
				CODE_SIGN_STYLE = Automatic;
				EXECUTABLE_PREFIX = lib;
				PRODUCT_NAME = "$(TARGET_NAME)";
				SKIP_INSTALL = YES;
			};
			name = Release;
		};
		A394C35A20B28ECB005E065E /* Debug */ = {
			isa = XCBuildConfiguration;
			buildSettings = {
				CODE_SIGN_STYLE = Automatic;
				PRODUCT_NAME = "$(TARGET_NAME)";
			};
			name = Debug;
		};
		A394C35B20B28ECB005E065E /* Release */ = {
			isa = XCBuildConfiguration;
			buildSettings = {
				CODE_SIGN_STYLE = Automatic;
				PRODUCT_NAME = "$(TARGET_NAME)";
			};
			name = Release;
		};
/* End XCBuildConfiguration section */

/* Begin XCConfigurationList section */
		A394C34420B28E83005E065E /* Build configuration list for PBXProject "quagga" */ = {
			isa = XCConfigurationList;
			buildConfigurations = (
				A394C34B20B28E83005E065E /* Debug */,
				A394C34C20B28E83005E065E /* Release */,
			);
			defaultConfigurationIsVisible = 0;
			defaultConfigurationName = Release;
		};
		A394C34D20B28E83005E065E /* Build configuration list for PBXNativeTarget "quagga" */ = {
			isa = XCConfigurationList;
			buildConfigurations = (
				A394C34E20B28E83005E065E /* Debug */,
				A394C34F20B28E83005E065E /* Release */,
			);
			defaultConfigurationIsVisible = 0;
			defaultConfigurationName = Release;
		};
		A394C35920B28ECB005E065E /* Build configuration list for PBXNativeTarget "quaggaTests" */ = {
			isa = XCConfigurationList;
			buildConfigurations = (
				A394C35A20B28ECB005E065E /* Debug */,
				A394C35B20B28ECB005E065E /* Release */,
			);
			defaultConfigurationIsVisible = 0;
			defaultConfigurationName = Release;
		};
/* End XCConfigurationList section */
	};
	rootObject = A394C34120B28E83005E065E /* Project object */;
}
